
Microsoft Visual Studio Solution File, Format Version 12.00
# Visual Studio Version 16
VisualStudioVersion = 16.0.29806.167
MinimumVisualStudioVersion = 10.0.40219.1
Project("{FAE04EC0-301F-11D3-BF4B-00C04F79EFBC}") = "DungeonCrwlr", "DungeonCrwlr\DungeonCrwlr.csproj", "{E1DC82DC-95A5-4C37-AC00-A1722C879553}"
EndProject
Global
	GlobalSection(SolutionConfigurationPlatforms) = preSolution
		Debug|Any CPU = Debug|Any CPU
		Release|Any CPU = Release|Any CPU
	EndGlobalSection
	GlobalSection(ProjectConfigurationPlatforms) = postSolution
		{E1DC82DC-95A5-4C37-AC00-A1722C879553}.Debug|Any CPU.ActiveCfg = Debug|Any CPU
		{E1DC82DC-95A5-4C37-AC00-A1722C879553}.Debug|Any CPU.Build.0 = Debug|Any CPU
		{E1DC82DC-95A5-4C37-AC00-A1722C879553}.Release|Any CPU.ActiveCfg = Release|Any CPU
		{E1DC82DC-95A5-4C37-AC00-A1722C879553}.Release|Any CPU.Build.0 = Release|Any CPU
	EndGlobalSection
	GlobalSection(SolutionProperties) = preSolution
		HideSolutionNode = FALSE
	EndGlobalSection
	GlobalSection(ExtensibilityGlobals) = postSolution
		SolutionGuid = {11D47219-0658-4381-9BD6-759885C8D079}
	EndGlobalSection
EndGlobal
